
Microsoft Visual Studio Solution File, Format Version 12.00
# Visual Studio Version 16
VisualStudioVersion = 16.0.30523.141
MinimumVisualStudioVersion = 10.0.40219.1
Project("{FAE04EC0-301F-11D3-BF4B-00C04F79EFBC}") = "DMIT2018_WebApp_Template", "DMIT2018_WebApp_Template\DMIT2018_WebApp_Template.csproj", "{96056098-1813-4855-BDF2-BEC3729340D8}"
EndProject
Project("{FAE04EC0-301F-11D3-BF4B-00C04F79EFBC}") = "ChinookSystem", "ChinookSystem\ChinookSystem.csproj", "{9FD29C48-1EEF-4DE7-85F7-75D0D5FAA757}"
EndProject
Global
	GlobalSection(SolutionConfigurationPlatforms) = preSolution
		Debug|Any CPU = Debug|Any CPU
		Release|Any CPU = Release|Any CPU
	EndGlobalSection
	GlobalSection(ProjectConfigurationPlatforms) = postSolution
		{96056098-1813-4855-BDF2-BEC3729340D8}.Debug|Any CPU.ActiveCfg = Debug|Any CPU
		{96056098-1813-4855-BDF2-BEC3729340D8}.Debug|Any CPU.Build.0 = Debug|Any CPU
		{96056098-1813-4855-BDF2-BEC3729340D8}.Release|Any CPU.ActiveCfg = Release|Any CPU
		{96056098-1813-4855-BDF2-BEC3729340D8}.Release|Any CPU.Build.0 = Release|Any CPU
		{9FD29C48-1EEF-4DE7-85F7-75D0D5FAA757}.Debug|Any CPU.ActiveCfg = Debug|Any CPU
		{9FD29C48-1EEF-4DE7-85F7-75D0D5FAA757}.Debug|Any CPU.Build.0 = Debug|Any CPU
		{9FD29C48-1EEF-4DE7-85F7-75D0D5FAA757}.Release|Any CPU.ActiveCfg = Release|Any CPU
		{9FD29C48-1EEF-4DE7-85F7-75D0D5FAA757}.Release|Any CPU.Build.0 = Release|Any CPU
	EndGlobalSection
	GlobalSection(SolutionProperties) = preSolution
		HideSolutionNode = FALSE
	EndGlobalSection
	GlobalSection(ExtensibilityGlobals) = postSolution
		SolutionGuid = {F64F2AA4-86CB-482E-82E8-E3EFFC03D48A}
	EndGlobalSection
EndGlobal
